
Microsoft Visual Studio Solution File, Format Version 12.00
# Visual Studio 2015
Project("{FAE04EC0-301F-11D3-BF4B-00C04F79EFBC}") = "laser test.CSharp.Plugins", "laser test.CSharp.Plugins.csproj", "{2BDB548E-E129-0CB7-48DD-5D2C15C92E96}"
EndProject
Project("{FAE04EC0-301F-11D3-BF4B-00C04F79EFBC}") = "laser test.CSharp", "laser test.CSharp.csproj", "{40B33F97-C447-35A4-8EA4-E60131C837EB}"
EndProject
Global
	GlobalSection(SolutionConfigurationPlatforms) = preSolution
		Debug|Any CPU = Debug|Any CPU
		Release|Any CPU = Release|Any CPU
	EndGlobalSection
	GlobalSection(ProjectConfigurationPlatforms) = postSolution
		{2BDB548E-E129-0CB7-48DD-5D2C15C92E96}.Debug|Any CPU.ActiveCfg = Debug|Any CPU
		{2BDB548E-E129-0CB7-48DD-5D2C15C92E96}.Debug|Any CPU.Build.0 = Debug|Any CPU
		{2BDB548E-E129-0CB7-48DD-5D2C15C92E96}.Release|Any CPU.ActiveCfg = Release|Any CPU
		{2BDB548E-E129-0CB7-48DD-5D2C15C92E96}.Release|Any CPU.Build.0 = Release|Any CPU
		{40B33F97-C447-35A4-8EA4-E60131C837EB}.Debug|Any CPU.ActiveCfg = Debug|Any CPU
		{40B33F97-C447-35A4-8EA4-E60131C837EB}.Debug|Any CPU.Build.0 = Debug|Any CPU
		{40B33F97-C447-35A4-8EA4-E60131C837EB}.Release|Any CPU.ActiveCfg = Release|Any CPU
		{40B33F97-C447-35A4-8EA4-E60131C837EB}.Release|Any CPU.Build.0 = Release|Any CPU
	EndGlobalSection
	GlobalSection(SolutionProperties) = preSolution
		HideSolutionNode = FALSE
	EndGlobalSection
EndGlobal
